
Microsoft Visual Studio Solution File, Format Version 12.00
# Visual Studio Version 17
VisualStudioVersion = 17.9.34728.123
MinimumVisualStudioVersion = 10.0.40219.1
Project("{FAE04EC0-301F-11D3-BF4B-00C04F79EFBC}") = "PPilhaDinamica", "PPilhaDinamica\PPilhaDinamica.csproj", "{A84360CE-8644-46E0-8AC8-905B7C494EB3}"
EndProject
Global
	GlobalSection(SolutionConfigurationPlatforms) = preSolution
		Debug|Any CPU = Debug|Any CPU
		Release|Any CPU = Release|Any CPU
	EndGlobalSection
	GlobalSection(ProjectConfigurationPlatforms) = postSolution
		{A84360CE-8644-46E0-8AC8-905B7C494EB3}.Debug|Any CPU.ActiveCfg = Debug|Any CPU
		{A84360CE-8644-46E0-8AC8-905B7C494EB3}.Debug|Any CPU.Build.0 = Debug|Any CPU
		{A84360CE-8644-46E0-8AC8-905B7C494EB3}.Release|Any CPU.ActiveCfg = Release|Any CPU
		{A84360CE-8644-46E0-8AC8-905B7C494EB3}.Release|Any CPU.Build.0 = Release|Any CPU
	EndGlobalSection
	GlobalSection(SolutionProperties) = preSolution
		HideSolutionNode = FALSE
	EndGlobalSection
	GlobalSection(ExtensibilityGlobals) = postSolution
		SolutionGuid = {2476C6D5-2360-4A25-B3C6-8CBE23F0001C}
	EndGlobalSection
EndGlobal
